
Microsoft Visual Studio Solution File, Format Version 12.00
# Visual Studio Version 16
VisualStudioVersion = 16.0.29025.244
MinimumVisualStudioVersion = 10.0.40219.1
Project("{FAE04EC0-301F-11D3-BF4B-00C04F79EFBC}") = "ResultOrWait", "ResultOrWait\ResultOrWait.csproj", "{69634600-434F-4547-8B50-A32EF0D14313}"
EndProject
Global
	GlobalSection(SolutionConfigurationPlatforms) = preSolution
		Debug|Any CPU = Debug|Any CPU
		Release|Any CPU = Release|Any CPU
	EndGlobalSection
	GlobalSection(ProjectConfigurationPlatforms) = postSolution
		{69634600-434F-4547-8B50-A32EF0D14313}.Debug|Any CPU.ActiveCfg = Debug|Any CPU
		{69634600-434F-4547-8B50-A32EF0D14313}.Debug|Any CPU.Build.0 = Debug|Any CPU
		{69634600-434F-4547-8B50-A32EF0D14313}.Release|Any CPU.ActiveCfg = Release|Any CPU
		{69634600-434F-4547-8B50-A32EF0D14313}.Release|Any CPU.Build.0 = Release|Any CPU
	EndGlobalSection
	GlobalSection(SolutionProperties) = preSolution
		HideSolutionNode = FALSE
	EndGlobalSection
	GlobalSection(ExtensibilityGlobals) = postSolution
		SolutionGuid = {62B83A4A-0519-4610-83A4-20BCF068A40F}
	EndGlobalSection
EndGlobal
